
Microsoft Visual Studio Solution File, Format Version 12.00
# Visual Studio Version 16
VisualStudioVersion = 16.0.31911.196
MinimumVisualStudioVersion = 10.0.40219.1
Project("{FAE04EC0-301F-11D3-BF4B-00C04F79EFBC}") = "ShopMusic", "ShopMusic\ShopMusic.csproj", "{C8101E31-4229-4C05-97D5-34F2D68F9070}"
EndProject
Global
	GlobalSection(SolutionConfigurationPlatforms) = preSolution
		Debug|Any CPU = Debug|Any CPU
		Release|Any CPU = Release|Any CPU
	EndGlobalSection
	GlobalSection(ProjectConfigurationPlatforms) = postSolution
		{C8101E31-4229-4C05-97D5-34F2D68F9070}.Debug|Any CPU.ActiveCfg = Debug|Any CPU
		{C8101E31-4229-4C05-97D5-34F2D68F9070}.Debug|Any CPU.Build.0 = Debug|Any CPU
		{C8101E31-4229-4C05-97D5-34F2D68F9070}.Release|Any CPU.ActiveCfg = Release|Any CPU
		{C8101E31-4229-4C05-97D5-34F2D68F9070}.Release|Any CPU.Build.0 = Release|Any CPU
	EndGlobalSection
	GlobalSection(SolutionProperties) = preSolution
		HideSolutionNode = FALSE
	EndGlobalSection
	GlobalSection(ExtensibilityGlobals) = postSolution
		SolutionGuid = {F470D51A-5EEF-4A97-ABC8-4113605D88EC}
	EndGlobalSection
EndGlobal
